
Microsoft Visual Studio Solution File, Format Version 12.00
# Visual Studio 14
VisualStudioVersion = 14.0.25420.1
MinimumVisualStudioVersion = 10.0.40219.1
Project("{FAE04EC0-301F-11D3-BF4B-00C04F79EFBC}") = "GrpcDemo.Server", "GrpcDemo.Server\GrpcDemo.Server.csproj", "{C6AF4746-E10D-43DE-A00F-2822505FCDD9}"
EndProject
Project("{2150E333-8FDC-42A3-9474-1A3956D46DE8}") = "protos", "protos", "{28ABE634-58C3-4BE4-A675-3D73AE0FAB82}"
	ProjectSection(SolutionItems) = preProject
		protos\grpc_demo.proto = protos\grpc_demo.proto
	EndProjectSection
EndProject
Project("{2150E333-8FDC-42A3-9474-1A3956D46DE8}") = "build", "build", "{0AE4F27F-715D-47C5-8CF1-14366CFD5B0F}"
	ProjectSection(SolutionItems) = preProject
		build.cake = build.cake
		build.ps1 = build.ps1
	EndProjectSection
EndProject
Project("{FAE04EC0-301F-11D3-BF4B-00C04F79EFBC}") = "GrpcDemo.Client", "GrpcDemo.Client\GrpcDemo.Client.csproj", "{7B1084A3-4ED2-4B31-9292-F267CB5882F1}"
EndProject
Global
	GlobalSection(SolutionConfigurationPlatforms) = preSolution
		Debug|Any CPU = Debug|Any CPU
		Release|Any CPU = Release|Any CPU
	EndGlobalSection
	GlobalSection(ProjectConfigurationPlatforms) = postSolution
		{C6AF4746-E10D-43DE-A00F-2822505FCDD9}.Debug|Any CPU.ActiveCfg = Debug|Any CPU
		{C6AF4746-E10D-43DE-A00F-2822505FCDD9}.Debug|Any CPU.Build.0 = Debug|Any CPU
		{C6AF4746-E10D-43DE-A00F-2822505FCDD9}.Release|Any CPU.ActiveCfg = Release|Any CPU
		{C6AF4746-E10D-43DE-A00F-2822505FCDD9}.Release|Any CPU.Build.0 = Release|Any CPU
		{7B1084A3-4ED2-4B31-9292-F267CB5882F1}.Debug|Any CPU.ActiveCfg = Debug|Any CPU
		{7B1084A3-4ED2-4B31-9292-F267CB5882F1}.Debug|Any CPU.Build.0 = Debug|Any CPU
		{7B1084A3-4ED2-4B31-9292-F267CB5882F1}.Release|Any CPU.ActiveCfg = Release|Any CPU
		{7B1084A3-4ED2-4B31-9292-F267CB5882F1}.Release|Any CPU.Build.0 = Release|Any CPU
	EndGlobalSection
	GlobalSection(SolutionProperties) = preSolution
		HideSolutionNode = FALSE
	EndGlobalSection
EndGlobal
